
Microsoft Visual Studio Solution File, Format Version 12.00
# Visual Studio Version 16
VisualStudioVersion = 16.0.30503.244
MinimumVisualStudioVersion = 10.0.40219.1
Project("{FAE04EC0-301F-11D3-BF4B-00C04F79EFBC}") = "Invoice", "Invoice\Invoice.csproj", "{BBFF35C1-C848-4692-B31B-B72A6E3FFDC3}"
EndProject
Global
	GlobalSection(SolutionConfigurationPlatforms) = preSolution
		Debug|Any CPU = Debug|Any CPU
		Release|Any CPU = Release|Any CPU
	EndGlobalSection
	GlobalSection(ProjectConfigurationPlatforms) = postSolution
		{BBFF35C1-C848-4692-B31B-B72A6E3FFDC3}.Debug|Any CPU.ActiveCfg = Debug|Any CPU
		{BBFF35C1-C848-4692-B31B-B72A6E3FFDC3}.Debug|Any CPU.Build.0 = Debug|Any CPU
		{BBFF35C1-C848-4692-B31B-B72A6E3FFDC3}.Release|Any CPU.ActiveCfg = Release|Any CPU
		{BBFF35C1-C848-4692-B31B-B72A6E3FFDC3}.Release|Any CPU.Build.0 = Release|Any CPU
	EndGlobalSection
	GlobalSection(SolutionProperties) = preSolution
		HideSolutionNode = FALSE
	EndGlobalSection
	GlobalSection(ExtensibilityGlobals) = postSolution
		SolutionGuid = {C5D77686-F037-4380-816A-83228C23D481}
	EndGlobalSection
EndGlobal
